
Microsoft Visual Studio Solution File, Format Version 12.00
# Visual Studio Version 16
VisualStudioVersion = 16.0.29911.84
MinimumVisualStudioVersion = 10.0.40219.1
Project("{FAE04EC0-301F-11D3-BF4B-00C04F79EFBC}") = "PokemonApiService", "PokemonApiService\PokemonApiService.csproj", "{4FBBCFC0-0FE7-4FA9-A289-7D374B804B52}"
EndProject
Global
	GlobalSection(SolutionConfigurationPlatforms) = preSolution
		Debug|Any CPU = Debug|Any CPU
		Release|Any CPU = Release|Any CPU
	EndGlobalSection
	GlobalSection(ProjectConfigurationPlatforms) = postSolution
		{4FBBCFC0-0FE7-4FA9-A289-7D374B804B52}.Debug|Any CPU.ActiveCfg = Debug|Any CPU
		{4FBBCFC0-0FE7-4FA9-A289-7D374B804B52}.Debug|Any CPU.Build.0 = Debug|Any CPU
		{4FBBCFC0-0FE7-4FA9-A289-7D374B804B52}.Release|Any CPU.ActiveCfg = Release|Any CPU
		{4FBBCFC0-0FE7-4FA9-A289-7D374B804B52}.Release|Any CPU.Build.0 = Release|Any CPU
	EndGlobalSection
	GlobalSection(SolutionProperties) = preSolution
		HideSolutionNode = FALSE
	EndGlobalSection
	GlobalSection(ExtensibilityGlobals) = postSolution
		SolutionGuid = {DD924365-7580-4CFF-869A-FFAFBF1DDE58}
	EndGlobalSection
EndGlobal
